{
  "name": "comonjs",
  "version": "1.0.0",
  "lockfileVersion": 1,
  "requires": true,
  "dependencies": {
    "uniq": {
      "version": "1.0.1",
      "resolved": "https://registry.npmjs.org/uniq/-/uniq-1.0.1.tgz",
      "integrity": "sha1-sxxa6CVIRKOoKBVBzisEuGWnNP8="
    },
    "unique": {
      "version": "0.0.1",
      "resolved": "https://registry.npmjs.org/unique/-/unique-0.0.1.tgz",
      "integrity": "sha1-iCXJRG2bD9J14wDt2yD200cw/Yc="
    }
  }
}
